
Microsoft Visual Studio Solution File, Format Version 12.00
# Visual Studio Version 16
VisualStudioVersion = 16.0.31911.196
MinimumVisualStudioVersion = 10.0.40219.1
Project("{FAE04EC0-301F-11D3-BF4B-00C04F79EFBC}") = "AZTechInt", "AZTechInt\AZTechInt.csproj", "{DAEA1045-8F52-4A9D-8578-7FEFFDB2A853}"
EndProject
Global
	GlobalSection(SolutionConfigurationPlatforms) = preSolution
		Debug|Any CPU = Debug|Any CPU
		Release|Any CPU = Release|Any CPU
	EndGlobalSection
	GlobalSection(ProjectConfigurationPlatforms) = postSolution
		{DAEA1045-8F52-4A9D-8578-7FEFFDB2A853}.Debug|Any CPU.ActiveCfg = Debug|Any CPU
		{DAEA1045-8F52-4A9D-8578-7FEFFDB2A853}.Debug|Any CPU.Build.0 = Debug|Any CPU
		{DAEA1045-8F52-4A9D-8578-7FEFFDB2A853}.Release|Any CPU.ActiveCfg = Release|Any CPU
		{DAEA1045-8F52-4A9D-8578-7FEFFDB2A853}.Release|Any CPU.Build.0 = Release|Any CPU
	EndGlobalSection
	GlobalSection(SolutionProperties) = preSolution
		HideSolutionNode = FALSE
	EndGlobalSection
	GlobalSection(ExtensibilityGlobals) = postSolution
		SolutionGuid = {309CD3D0-D0A8-440D-B6CD-CB4FB6130E7A}
	EndGlobalSection
EndGlobal
